
Microsoft Visual Studio Solution File, Format Version 12.00
# Visual Studio Version 16
VisualStudioVersion = 16.0.31729.503
MinimumVisualStudioVersion = 10.0.40219.1
Project("{FAE04EC0-301F-11D3-BF4B-00C04F79EFBC}") = "RestaurantBookingApi", "RestaurantBookingApi.csproj", "{D93206BE-5B4D-4C6D-8866-C3F1000892A7}"
EndProject
Global
	GlobalSection(SolutionConfigurationPlatforms) = preSolution
		Debug|Any CPU = Debug|Any CPU
		Release|Any CPU = Release|Any CPU
	EndGlobalSection
	GlobalSection(ProjectConfigurationPlatforms) = postSolution
		{D93206BE-5B4D-4C6D-8866-C3F1000892A7}.Debug|Any CPU.ActiveCfg = Debug|Any CPU
		{D93206BE-5B4D-4C6D-8866-C3F1000892A7}.Debug|Any CPU.Build.0 = Debug|Any CPU
		{D93206BE-5B4D-4C6D-8866-C3F1000892A7}.Release|Any CPU.ActiveCfg = Release|Any CPU
		{D93206BE-5B4D-4C6D-8866-C3F1000892A7}.Release|Any CPU.Build.0 = Release|Any CPU
	EndGlobalSection
	GlobalSection(SolutionProperties) = preSolution
		HideSolutionNode = FALSE
	EndGlobalSection
	GlobalSection(ExtensibilityGlobals) = postSolution
		SolutionGuid = {8A656EA2-456C-47C8-AACC-AB54AB21B596}
	EndGlobalSection
EndGlobal
